
Microsoft Visual Studio Solution File, Format Version 12.00
# Visual Studio Version 16
VisualStudioVersion = 16.0.31205.134
MinimumVisualStudioVersion = 10.0.40219.1
Project("{9A19103F-16F7-4668-BE54-9A1E7A4F7556}") = "LudoAPI", "LudoAPI\LudoAPI.csproj", "{81121C47-9AF7-4268-B912-0C5DE6A65234}"
EndProject
Project("{9A19103F-16F7-4668-BE54-9A1E7A4F7556}") = "LudoRazor", "LudoRazor\LudoRazor.csproj", "{8EC74675-5169-4154-806B-3201F507CC20}"
EndProject
Project("{FAE04EC0-301F-11D3-BF4B-00C04F79EFBC}") = "ApiTestProject", "ApiTestProject\ApiTestProject.csproj", "{09C4151A-8AE2-48FA-8FE9-57FF2B83662D}"
EndProject
Global
	GlobalSection(SolutionConfigurationPlatforms) = preSolution
		Debug|Any CPU = Debug|Any CPU
		Release|Any CPU = Release|Any CPU
	EndGlobalSection
	GlobalSection(ProjectConfigurationPlatforms) = postSolution
		{81121C47-9AF7-4268-B912-0C5DE6A65234}.Debug|Any CPU.ActiveCfg = Debug|Any CPU
		{81121C47-9AF7-4268-B912-0C5DE6A65234}.Debug|Any CPU.Build.0 = Debug|Any CPU
		{81121C47-9AF7-4268-B912-0C5DE6A65234}.Release|Any CPU.ActiveCfg = Release|Any CPU
		{81121C47-9AF7-4268-B912-0C5DE6A65234}.Release|Any CPU.Build.0 = Release|Any CPU
		{8EC74675-5169-4154-806B-3201F507CC20}.Debug|Any CPU.ActiveCfg = Debug|Any CPU
		{8EC74675-5169-4154-806B-3201F507CC20}.Debug|Any CPU.Build.0 = Debug|Any CPU
		{8EC74675-5169-4154-806B-3201F507CC20}.Release|Any CPU.ActiveCfg = Release|Any CPU
		{8EC74675-5169-4154-806B-3201F507CC20}.Release|Any CPU.Build.0 = Release|Any CPU
		{09C4151A-8AE2-48FA-8FE9-57FF2B83662D}.Debug|Any CPU.ActiveCfg = Debug|Any CPU
		{09C4151A-8AE2-48FA-8FE9-57FF2B83662D}.Debug|Any CPU.Build.0 = Debug|Any CPU
		{09C4151A-8AE2-48FA-8FE9-57FF2B83662D}.Release|Any CPU.ActiveCfg = Release|Any CPU
		{09C4151A-8AE2-48FA-8FE9-57FF2B83662D}.Release|Any CPU.Build.0 = Release|Any CPU
	EndGlobalSection
	GlobalSection(SolutionProperties) = preSolution
		HideSolutionNode = FALSE
	EndGlobalSection
	GlobalSection(ExtensibilityGlobals) = postSolution
		SolutionGuid = {35447229-EE5F-4F22-9AC5-EF267D6806AE}
	EndGlobalSection
EndGlobal
